# This file is autogenerated, do not edit; changes may be undone by the next 'dep ensure'.


[[projects]]
  branch = "master"
  name = "github.com/applift/async-influxdb-client"
  packages = ["."]
  revision = "f987e6387bf7936802f14aad3943b01e9edd21d6"

[[projects]]
  branch = "master"
  name = "github.com/beorn7/perks"
  packages = ["quantile"]
  revision = "4c0e84591b9aa9e6dcfdf3e020114cd81f89d5f9"

[[projects]]
  branch = "master"
  name = "github.com/golang/protobuf"
  packages = ["proto"]
  revision = "17ce1425424ab154092bbb43af630bd647f3bb0d"

[[projects]]
  name = "github.com/honeybadger-io/honeybadger-go"
  packages = ["."]
  revision = "ca5d0df50a5012695aecc92ff4a52e2a5d32116c"
  version = "v0.2.1"

[[projects]]
  name = "github.com/influxdata/influxdb"
  packages = ["client/v2","models","pkg/escape"]
  revision = "9d9001036d3585cf21925c13a57881bc6c8dcc7e"
  version = "v1.3.5"

[[projects]]
  name = "github.com/joho/godotenv"
  packages = ["."]
  revision = "726cc8b906e3d31c70a9671c90a13716a8d3f50d"
  version = "v1.1"

[[projects]]
  name = "github.com/matttproud/golang_protobuf_extensions"
  packages = ["pbutil"]
  revision = "3247c84500bff8d9fb6d579d800f20b3e091582c"
  version = "v1.0.0"

[[projects]]
  name = "github.com/pborman/uuid"
  packages = ["."]
  revision = "e790cca94e6cc75c7064b1332e63811d4aae1a53"
  version = "v1.1"

[[projects]]
  name = "github.com/prometheus/client_golang"
  packages = ["prometheus","prometheus/promhttp"]
  revision = "c5b7fccd204277076155f10851dad72b76a49317"
  version = "v0.8.0"

[[projects]]
  branch = "master"
  name = "github.com/prometheus/client_model"
  packages = ["go"]
  revision = "6f3806018612930941127f2a7c6c453ba2c527d2"

[[projects]]
  branch = "master"
  name = "github.com/prometheus/common"
  packages = ["expfmt","internal/bitbucket.org/ww/goautoneg","model"]
  revision = "2f17f4a9d485bf34b4bfaccc273805040e4f86c8"

[[projects]]
  branch = "master"
  name = "github.com/prometheus/procfs"
  packages = [".","xfs"]
  revision = "e645f4e5aaa8506fc71d6edbc5c4ff02c04c46f2"

[[projects]]
  name = "github.com/shirou/gopsutil"
  packages = ["internal/common","load","mem"]
  revision = "a452de7c734a0fa0f16d2e5725b0fa5934d9fbec"
  version = "v2.17.08"

[[projects]]
  branch = "master"
  name = "golang.org/x/sys"
  packages = ["unix","windows"]
  revision = "062cd7e4e68206d8bab9b18396626e855c992658"

[solve-meta]
  analyzer-name = "dep"
  analyzer-version = 1
  inputs-digest = "6e61cbeaf29a6a460b1fa4622fd686605d77c13a6aa396b16ac2f91341e9a06d"
  solver-name = "gps-cdcl"
  solver-version = 1
